{
    "_readme": [
        "This file locks the dependencies of your project to a known state",
        "Read more about it at https://getcomposer.org/doc/01-basic-usage.md#installing-dependencies",
        "This file is @generated automatically"
    ],
    "content-hash": "5d7e5dfee22485047d0cad55f1c4c386",
    "packages": [
        {
            "name": "aheinze/lime",
            "version": "1.0.0",
            "source": {
                "type": "git",
                "url": "https://github.com/aheinze/lime.git",
                "reference": "f8ffc08c6dc1fc54c627fb044e6130099575e9d6"
            },
            "dist": {
                "type": "zip",
                "url": "https://api.github.com/repos/aheinze/lime/zipball/f8ffc08c6dc1fc54c627fb044e6130099575e9d6",
                "reference": "f8ffc08c6dc1fc54c627fb044e6130099575e9d6",
                "shasum": ""
            },
            "require": {
                "php": ">=5.4.2"
            },
            "type": "library",
            "autoload": {
                "psr-0": {
                    "Lime": "src/"
                }
            },
            "notification-url": "https://packagist.org/downloads/",
            "license": [
                "MIT"
            ],
            "authors": [
                {
                    "name": "Artur Heinze",
                    "email": "faulancer@gmail.com",
                    "homepage": "http://agentejo.com/",
                    "role": "Developer"
                }
            ],
            "description": "The PHP micro-framework",
            "homepage": "https://github.com/aheinze/Lime",
            "keywords": [
                "lime",
                "micro-framework",
                "microframework",
                "php"
            ],
            "support": {
                "issues": "https://github.com/aheinze/lime/issues",
                "source": "https://github.com/aheinze/lime/tree/master"
            },
            "time": "2015-08-28T07:42:19+00:00"
        }
    ],
    "packages-dev": [],
    "aliases": [],
    "minimum-stability": "stable",
    "stability-flags": [],
    "prefer-stable": false,
    "prefer-lowest": false,
    "platform": [],
    "platform-dev": [],
    "plugin-api-version": "2.1.0"
}
